
Microsoft Visual Studio Solution File, Format Version 12.00
# Visual Studio 14
VisualStudioVersion = 14.0.25420.1
MinimumVisualStudioVersion = 10.0.40219.1
Project("{FAE04EC0-301F-11D3-BF4B-00C04F79EFBC}") = "Biblioteca", "Biblioteca\Biblioteca.csproj", "{34B0FEB6-D91A-4BE8-AAA9-7341CB7EC9CA}"
EndProject
Project("{FAE04EC0-301F-11D3-BF4B-00C04F79EFBC}") = "datos", "WebApplication1\datos.csproj", "{27A89835-B7BF-4FB2-85EA-41759F2ED798}"
EndProject
Project("{FAE04EC0-301F-11D3-BF4B-00C04F79EFBC}") = "negocio", "negocio\negocio.csproj", "{16385FB7-45BA-45CB-966D-4A4F6E90E24A}"
EndProject
Global
	GlobalSection(SolutionConfigurationPlatforms) = preSolution
		Debug|Any CPU = Debug|Any CPU
		Release|Any CPU = Release|Any CPU
	EndGlobalSection
	GlobalSection(ProjectConfigurationPlatforms) = postSolution
		{34B0FEB6-D91A-4BE8-AAA9-7341CB7EC9CA}.Debug|Any CPU.ActiveCfg = Debug|Any CPU
		{34B0FEB6-D91A-4BE8-AAA9-7341CB7EC9CA}.Debug|Any CPU.Build.0 = Debug|Any CPU
		{34B0FEB6-D91A-4BE8-AAA9-7341CB7EC9CA}.Release|Any CPU.ActiveCfg = Release|Any CPU
		{34B0FEB6-D91A-4BE8-AAA9-7341CB7EC9CA}.Release|Any CPU.Build.0 = Release|Any CPU
		{27A89835-B7BF-4FB2-85EA-41759F2ED798}.Debug|Any CPU.ActiveCfg = Debug|Any CPU
		{27A89835-B7BF-4FB2-85EA-41759F2ED798}.Debug|Any CPU.Build.0 = Debug|Any CPU
		{27A89835-B7BF-4FB2-85EA-41759F2ED798}.Release|Any CPU.ActiveCfg = Release|Any CPU
		{27A89835-B7BF-4FB2-85EA-41759F2ED798}.Release|Any CPU.Build.0 = Release|Any CPU
		{16385FB7-45BA-45CB-966D-4A4F6E90E24A}.Debug|Any CPU.ActiveCfg = Debug|Any CPU
		{16385FB7-45BA-45CB-966D-4A4F6E90E24A}.Debug|Any CPU.Build.0 = Debug|Any CPU
		{16385FB7-45BA-45CB-966D-4A4F6E90E24A}.Release|Any CPU.ActiveCfg = Release|Any CPU
		{16385FB7-45BA-45CB-966D-4A4F6E90E24A}.Release|Any CPU.Build.0 = Release|Any CPU
	EndGlobalSection
	GlobalSection(SolutionProperties) = preSolution
		HideSolutionNode = FALSE
	EndGlobalSection
EndGlobal
